
Microsoft Visual Studio Solution File, Format Version 12.00
# Visual Studio Version 16
VisualStudioVersion = 16.0.31005.135
MinimumVisualStudioVersion = 10.0.40219.1
Project("{9A19103F-16F7-4668-BE54-9A1E7A4F7556}") = "Registro_de_Prestamos", "Registro_de_Prestamos.csproj", "{4320207E-32FE-483F-B211-8BF91735C558}"
EndProject
Project("{9A19103F-16F7-4668-BE54-9A1E7A4F7556}") = "Registro_de_PrestamosTests", "..\Registro_de_PrestamosTests\Registro_de_PrestamosTests.csproj", "{F0344204-BE0B-4E9F-AE56-8DBFF5A7E61A}"
EndProject
Global
	GlobalSection(SolutionConfigurationPlatforms) = preSolution
		Debug|Any CPU = Debug|Any CPU
		Release|Any CPU = Release|Any CPU
	EndGlobalSection
	GlobalSection(ProjectConfigurationPlatforms) = postSolution
		{4320207E-32FE-483F-B211-8BF91735C558}.Debug|Any CPU.ActiveCfg = Debug|Any CPU
		{4320207E-32FE-483F-B211-8BF91735C558}.Debug|Any CPU.Build.0 = Debug|Any CPU
		{4320207E-32FE-483F-B211-8BF91735C558}.Release|Any CPU.ActiveCfg = Release|Any CPU
		{4320207E-32FE-483F-B211-8BF91735C558}.Release|Any CPU.Build.0 = Release|Any CPU
		{F0344204-BE0B-4E9F-AE56-8DBFF5A7E61A}.Debug|Any CPU.ActiveCfg = Debug|Any CPU
		{F0344204-BE0B-4E9F-AE56-8DBFF5A7E61A}.Debug|Any CPU.Build.0 = Debug|Any CPU
		{F0344204-BE0B-4E9F-AE56-8DBFF5A7E61A}.Release|Any CPU.ActiveCfg = Release|Any CPU
		{F0344204-BE0B-4E9F-AE56-8DBFF5A7E61A}.Release|Any CPU.Build.0 = Release|Any CPU
	EndGlobalSection
	GlobalSection(SolutionProperties) = preSolution
		HideSolutionNode = FALSE
	EndGlobalSection
	GlobalSection(ExtensibilityGlobals) = postSolution
		SolutionGuid = {E6CC5A7A-0B18-4461-A7EF-F3D28423630A}
	EndGlobalSection
EndGlobal
